
Microsoft Visual Studio Solution File, Format Version 12.00
# Visual Studio Version 17
VisualStudioVersion = 17.5.33516.290
MinimumVisualStudioVersion = 10.0.40219.1
Project("{FAE04EC0-301F-11D3-BF4B-00C04F79EFBC}") = "wp13_portfolio", "wp13_portfolio\wp13_portfolio.csproj", "{ABF5F3C1-207C-4F93-8DD5-9FA3527DC100}"
EndProject
Project("{FAE04EC0-301F-11D3-BF4B-00C04F79EFBC}") = "wp12_finedustCheck", "..\..\Day07\Day07WpfApp\wp12_finedustCheck\wp12_finedustCheck.csproj", "{8B9EBFA7-7835-497E-ACBB-CB4B23744BAB}"
EndProject
Project("{FAE04EC0-301F-11D3-BF4B-00C04F79EFBC}") = "wp11_movieFinder", "..\..\Day07\Day07WpfApp\wp11_movieFinder\wp11_movieFinder.csproj", "{D58A0DEC-75F5-40C1-AE8D-626C183858E0}"
EndProject
Global
	GlobalSection(SolutionConfigurationPlatforms) = preSolution
		Debug|Any CPU = Debug|Any CPU
		Release|Any CPU = Release|Any CPU
	EndGlobalSection
	GlobalSection(ProjectConfigurationPlatforms) = postSolution
		{ABF5F3C1-207C-4F93-8DD5-9FA3527DC100}.Debug|Any CPU.ActiveCfg = Debug|Any CPU
		{ABF5F3C1-207C-4F93-8DD5-9FA3527DC100}.Debug|Any CPU.Build.0 = Debug|Any CPU
		{ABF5F3C1-207C-4F93-8DD5-9FA3527DC100}.Release|Any CPU.ActiveCfg = Release|Any CPU
		{ABF5F3C1-207C-4F93-8DD5-9FA3527DC100}.Release|Any CPU.Build.0 = Release|Any CPU
		{8B9EBFA7-7835-497E-ACBB-CB4B23744BAB}.Debug|Any CPU.ActiveCfg = Debug|Any CPU
		{8B9EBFA7-7835-497E-ACBB-CB4B23744BAB}.Debug|Any CPU.Build.0 = Debug|Any CPU
		{8B9EBFA7-7835-497E-ACBB-CB4B23744BAB}.Release|Any CPU.ActiveCfg = Release|Any CPU
		{8B9EBFA7-7835-497E-ACBB-CB4B23744BAB}.Release|Any CPU.Build.0 = Release|Any CPU
		{D58A0DEC-75F5-40C1-AE8D-626C183858E0}.Debug|Any CPU.ActiveCfg = Debug|Any CPU
		{D58A0DEC-75F5-40C1-AE8D-626C183858E0}.Debug|Any CPU.Build.0 = Debug|Any CPU
		{D58A0DEC-75F5-40C1-AE8D-626C183858E0}.Release|Any CPU.ActiveCfg = Release|Any CPU
		{D58A0DEC-75F5-40C1-AE8D-626C183858E0}.Release|Any CPU.Build.0 = Release|Any CPU
	EndGlobalSection
	GlobalSection(SolutionProperties) = preSolution
		HideSolutionNode = FALSE
	EndGlobalSection
	GlobalSection(ExtensibilityGlobals) = postSolution
		SolutionGuid = {AB03C290-A6E8-4C68-AE29-388F6659A3D5}
	EndGlobalSection
EndGlobal
